// !$*UTF8*$!
{
	archiveVersion = 1;
	classes = {
	};
	objectVersion = 46;
	objects = {

/* Begin PBXBuildFile section */
		FB876D0D1B4232DA00299503 /* main.m in Sources */ = {isa = PBXBuildFile; fileRef = FB876D0C1B4232DA00299503 /* main.m */; };
		FB876D101B4232DA00299503 /* AppDelegate.m in Sources */ = {isa = PBXBuildFile; fileRef = FB876D0F1B4232DA00299503 /* AppDelegate.m */; };
		FB876D131B4232DA00299503 /* ViewController.m in Sources */ = {isa = PBXBuildFile; fileRef = FB876D121B4232DA00299503 /* ViewController.m */; };
		FB876D161B4232DA00299503 /* Main.storyboard in Resources */ = {isa = PBXBuildFile; fileRef = FB876D141B4232DA00299503 /* Main.storyboard */; };
		FB876D181B4232DA00299503 /* Images.xcassets in Resources */ = {isa = PBXBuildFile; fileRef = FB876D171B4232DA00299503 /* Images.xcassets */; };
		FB876D1B1B4232DA00299503 /* LaunchScreen.xib in Resources */ = {isa = PBXBuildFile; fileRef = FB876D191B4232DA00299503 /* LaunchScreen.xib */; };
		FB876D271B4232DB00299503 /* LoginKeychainTests.m in Sources */ = {isa = PBXBuildFile; fileRef = FB876D261B4232DB00299503 /* LoginKeychainTests.m */; };
		FB876D3E1B423D9B00299503 /* Security.framework in Frameworks */ = {isa = PBXBuildFile; fileRef = FB876D3D1B423D9B00299503 /* Security.framework */; };
		FB876D411B42562B00299503 /* MainViewController.m in Sources */ = {isa = PBXBuildFile; fileRef = FB876D401B42562B00299503 /* MainViewController.m */; };
		FD10BE981B49171D00DC5DBB /* LUKeychainAccess.m in Sources */ = {isa = PBXBuildFile; fileRef = FD10BE931B49171D00DC5DBB /* LUKeychainAccess.m */; };
		FD10BE991B49171D00DC5DBB /* LUKeychainServices.m in Sources */ = {isa = PBXBuildFile; fileRef = FD10BE971B49171D00DC5DBB /* LUKeychainServices.m */; };
/* End PBXBuildFile section */

/* Begin PBXContainerItemProxy section */
		FB876D211B4232DB00299503 /* PBXContainerItemProxy */ = {
			isa = PBXContainerItemProxy;
			containerPortal = FB876CFF1B4232D900299503 /* Project object */;
			proxyType = 1;
			remoteGlobalIDString = FB876D061B4232D900299503;
			remoteInfo = LoginKeychain;
		};
/* End PBXContainerItemProxy section */

/* Begin PBXFileReference section */
		FB876D071B4232D900299503 /* LoginKeychain.app */ = {isa = PBXFileReference; explicitFileType = wrapper.application; includeInIndex = 0; path = LoginKeychain.app; sourceTree = BUILT_PRODUCTS_DIR; };
		FB876D0B1B4232DA00299503 /* Info.plist */ = {isa = PBXFileReference; lastKnownFileType = text.plist.xml; path = Info.plist; sourceTree = "<group>"; };
		FB876D0C1B4232DA00299503 /* main.m */ = {isa = PBXFileReference; lastKnownFileType = sourcecode.c.objc; path = main.m; sourceTree = "<group>"; };
		FB876D0E1B4232DA00299503 /* AppDelegate.h */ = {isa = PBXFileReference; lastKnownFileType = sourcecode.c.h; path = AppDelegate.h; sourceTree = "<group>"; };
		FB876D0F1B4232DA00299503 /* AppDelegate.m */ = {isa = PBXFileReference; lastKnownFileType = sourcecode.c.objc; path = AppDelegate.m; sourceTree = "<group>"; };
		FB876D111B4232DA00299503 /* ViewController.h */ = {isa = PBXFileReference; lastKnownFileType = sourcecode.c.h; path = ViewController.h; sourceTree = "<group>"; };
		FB876D121B4232DA00299503 /* ViewController.m */ = {isa = PBXFileReference; lastKnownFileType = sourcecode.c.objc; path = ViewController.m; sourceTree = "<group>"; };
		FB876D151B4232DA00299503 /* Base */ = {isa = PBXFileReference; lastKnownFileType = file.storyboard; name = Base; path = Base.lproj/Main.storyboard; sourceTree = "<group>"; };
		FB876D171B4232DA00299503 /* Images.xcassets */ = {isa = PBXFileReference; lastKnownFileType = folder.assetcatalog; path = Images.xcassets; sourceTree = "<group>"; };
		FB876D1A1B4232DA00299503 /* Base */ = {isa = PBXFileReference; lastKnownFileType = file.xib; name = Base; path = Base.lproj/LaunchScreen.xib; sourceTree = "<group>"; };
		FB876D201B4232DB00299503 /* LoginKeychainTests.xctest */ = {isa = PBXFileReference; explicitFileType = wrapper.cfbundle; includeInIndex = 0; path = LoginKeychainTests.xctest; sourceTree = BUILT_PRODUCTS_DIR; };
		FB876D251B4232DB00299503 /* Info.plist */ = {isa = PBXFileReference; lastKnownFileType = text.plist.xml; path = Info.plist; sourceTree = "<group>"; };
		FB876D261B4232DB00299503 /* LoginKeychainTests.m */ = {isa = PBXFileReference; lastKnownFileType = sourcecode.c.objc; path = LoginKeychainTests.m; sourceTree = "<group>"; };
		FB876D3D1B423D9B00299503 /* Security.framework */ = {isa = PBXFileReference; lastKnownFileType = wrapper.framework; name = Security.framework; path = System/Library/Frameworks/Security.framework; sourceTree = SDKROOT; };
		FB876D3F1B42562B00299503 /* MainViewController.h */ = {isa = PBXFileReference; fileEncoding = 4; lastKnownFileType = sourcecode.c.h; path = MainViewController.h; sourceTree = "<group>"; };
		FB876D401B42562B00299503 /* MainViewController.m */ = {isa = PBXFileReference; fileEncoding = 4; lastKnownFileType = sourcecode.c.objc; path = MainViewController.m; sourceTree = "<group>"; };
		FD10BE911B49171D00DC5DBB /* LUKeychainAccess-Prefix.pch */ = {isa = PBXFileReference; fileEncoding = 4; lastKnownFileType = sourcecode.c.h; path = "LUKeychainAccess-Prefix.pch"; sourceTree = "<group>"; };
		FD10BE921B49171D00DC5DBB /* LUKeychainAccess.h */ = {isa = PBXFileReference; fileEncoding = 4; lastKnownFileType = sourcecode.c.h; path = LUKeychainAccess.h; sourceTree = "<group>"; };
		FD10BE931B49171D00DC5DBB /* LUKeychainAccess.m */ = {isa = PBXFileReference; fileEncoding = 4; lastKnownFileType = sourcecode.c.objc; path = LUKeychainAccess.m; sourceTree = "<group>"; };
		FD10BE941B49171D00DC5DBB /* LUKeychainAccessAccessibility.h */ = {isa = PBXFileReference; fileEncoding = 4; lastKnownFileType = sourcecode.c.h; path = LUKeychainAccessAccessibility.h; sourceTree = "<group>"; };
		FD10BE951B49171D00DC5DBB /* LUKeychainErrorHandler.h */ = {isa = PBXFileReference; fileEncoding = 4; lastKnownFileType = sourcecode.c.h; path = LUKeychainErrorHandler.h; sourceTree = "<group>"; };
		FD10BE961B49171D00DC5DBB /* LUKeychainServices.h */ = {isa = PBXFileReference; fileEncoding = 4; lastKnownFileType = sourcecode.c.h; path = LUKeychainServices.h; sourceTree = "<group>"; };
		FD10BE971B49171D00DC5DBB /* LUKeychainServices.m */ = {isa = PBXFileReference; fileEncoding = 4; lastKnownFileType = sourcecode.c.objc; path = LUKeychainServices.m; sourceTree = "<group>"; };
/* End PBXFileReference section */

/* Begin PBXFrameworksBuildPhase section */
		FB876D041B4232D900299503 /* Frameworks */ = {
			isa = PBXFrameworksBuildPhase;
			buildActionMask = 2147483647;
			files = (
				FB876D3E1B423D9B00299503 /* Security.framework in Frameworks */,
			);
			runOnlyForDeploymentPostprocessing = 0;
		};
		FB876D1D1B4232DB00299503 /* Frameworks */ = {
			isa = PBXFrameworksBuildPhase;
			buildActionMask = 2147483647;
			files = (
			);
			runOnlyForDeploymentPostprocessing = 0;
		};
/* End PBXFrameworksBuildPhase section */

/* Begin PBXGroup section */
		FB876CFE1B4232D900299503 = {
			isa = PBXGroup;
			children = (
				FB876D091B4232D900299503 /* LoginKeychain */,
				FB876D231B4232DB00299503 /* LoginKeychainTests */,
				FB876D081B4232D900299503 /* Products */,
			);
			sourceTree = "<group>";
		};
		FB876D081B4232D900299503 /* Products */ = {
			isa = PBXGroup;
			children = (
				FB876D071B4232D900299503 /* LoginKeychain.app */,
				FB876D201B4232DB00299503 /* LoginKeychainTests.xctest */,
			);
			name = Products;
			sourceTree = "<group>";
		};
		FB876D091B4232D900299503 /* LoginKeychain */ = {
			isa = PBXGroup;
			children = (
				FB876D311B42330E00299503 /* Controllers */,
				FB876D301B42330700299503 /* Views */,
				FB876D321B42331400299503 /* Libraries */,
				FB876D3C1B423D7700299503 /* Frameworks */,
				FB876D171B4232DA00299503 /* Images.xcassets */,
				FB876D0A1B4232DA00299503 /* Supporting Files */,
			);
			path = LoginKeychain;
			sourceTree = "<group>";
		};
		FB876D0A1B4232DA00299503 /* Supporting Files */ = {
			isa = PBXGroup;
			children = (
				FB876D0B1B4232DA00299503 /* Info.plist */,
				FB876D0C1B4232DA00299503 /* main.m */,
			);
			name = "Supporting Files";
			sourceTree = "<group>";
		};
		FB876D231B4232DB00299503 /* LoginKeychainTests */ = {
			isa = PBXGroup;
			children = (
				FB876D261B4232DB00299503 /* LoginKeychainTests.m */,
				FB876D241B4232DB00299503 /* Supporting Files */,
			);
			path = LoginKeychainTests;
			sourceTree = "<group>";
		};
		FB876D241B4232DB00299503 /* Supporting Files */ = {
			isa = PBXGroup;
			children = (
				FB876D251B4232DB00299503 /* Info.plist */,
			);
			name = "Supporting Files";
			sourceTree = "<group>";
		};
		FB876D301B42330700299503 /* Views */ = {
			isa = PBXGroup;
			children = (
				FB876D141B4232DA00299503 /* Main.storyboard */,
				FB876D191B4232DA00299503 /* LaunchScreen.xib */,
			);
			name = Views;
			sourceTree = "<group>";
		};
		FB876D311B42330E00299503 /* Controllers */ = {
			isa = PBXGroup;
			children = (
				FB876D0E1B4232DA00299503 /* AppDelegate.h */,
				FB876D0F1B4232DA00299503 /* AppDelegate.m */,
				FB876D111B4232DA00299503 /* ViewController.h */,
				FB876D121B4232DA00299503 /* ViewController.m */,
				FB876D3F1B42562B00299503 /* MainViewController.h */,
				FB876D401B42562B00299503 /* MainViewController.m */,
			);
			name = Controllers;
			sourceTree = "<group>";
		};
		FB876D321B42331400299503 /* Libraries */ = {
			isa = PBXGroup;
			children = (
				FD10BE911B49171D00DC5DBB /* LUKeychainAccess-Prefix.pch */,
				FD10BE921B49171D00DC5DBB /* LUKeychainAccess.h */,
				FD10BE931B49171D00DC5DBB /* LUKeychainAccess.m */,
				FD10BE941B49171D00DC5DBB /* LUKeychainAccessAccessibility.h */,
				FD10BE951B49171D00DC5DBB /* LUKeychainErrorHandler.h */,
				FD10BE961B49171D00DC5DBB /* LUKeychainServices.h */,
				FD10BE971B49171D00DC5DBB /* LUKeychainServices.m */,
			);
			name = Libraries;
			sourceTree = "<group>";
		};
		FB876D3C1B423D7700299503 /* Frameworks */ = {
			isa = PBXGroup;
			children = (
				FB876D3D1B423D9B00299503 /* Security.framework */,
			);
			name = Frameworks;
			sourceTree = "<group>";
		};
/* End PBXGroup section */

/* Begin PBXNativeTarget section */
		FB876D061B4232D900299503 /* LoginKeychain */ = {
			isa = PBXNativeTarget;
			buildConfigurationList = FB876D2A1B4232DB00299503 /* Build configuration list for PBXNativeTarget "LoginKeychain" */;
			buildPhases = (
				FB876D031B4232D900299503 /* Sources */,
				FB876D041B4232D900299503 /* Frameworks */,
				FB876D051B4232D900299503 /* Resources */,
			);
			buildRules = (
			);
			dependencies = (
			);
			name = LoginKeychain;
			productName = LoginKeychain;
			productReference = FB876D071B4232D900299503 /* LoginKeychain.app */;
			productType = "com.apple.product-type.application";
		};
		FB876D1F1B4232DB00299503 /* LoginKeychainTests */ = {
			isa = PBXNativeTarget;
			buildConfigurationList = FB876D2D1B4232DB00299503 /* Build configuration list for PBXNativeTarget "LoginKeychainTests" */;
			buildPhases = (
				FB876D1C1B4232DB00299503 /* Sources */,
				FB876D1D1B4232DB00299503 /* Frameworks */,
				FB876D1E1B4232DB00299503 /* Resources */,
			);
			buildRules = (
			);
			dependencies = (
				FB876D221B4232DB00299503 /* PBXTargetDependency */,
			);
			name = LoginKeychainTests;
			productName = LoginKeychainTests;
			productReference = FB876D201B4232DB00299503 /* LoginKeychainTests.xctest */;
			productType = "com.apple.product-type.bundle.unit-test";
		};
/* End PBXNativeTarget section */

/* Begin PBXProject section */
		FB876CFF1B4232D900299503 /* Project object */ = {
			isa = PBXProject;
			attributes = {
				LastUpgradeCheck = 0700;
				ORGANIZATIONNAME = "Takuya ASO";
				TargetAttributes = {
					FB876D061B4232D900299503 = {
						CreatedOnToolsVersion = 6.1.1;
						DevelopmentTeam = 7M7ZGYSAKB;
					};
					FB876D1F1B4232DB00299503 = {
						CreatedOnToolsVersion = 6.1.1;
						TestTargetID = FB876D061B4232D900299503;
					};
				};
			};
			buildConfigurationList = FB876D021B4232D900299503 /* Build configuration list for PBXProject "LoginKeychain" */;
			compatibilityVersion = "Xcode 3.2";
			developmentRegion = English;
			hasScannedForEncodings = 0;
			knownRegions = (
				en,
				Base,
			);
			mainGroup = FB876CFE1B4232D900299503;
			productRefGroup = FB876D081B4232D900299503 /* Products */;
			projectDirPath = "";
			projectRoot = "";
			targets = (
				FB876D061B4232D900299503 /* LoginKeychain */,
				FB876D1F1B4232DB00299503 /* LoginKeychainTests */,
			);
		};
/* End PBXProject section */

/* Begin PBXResourcesBuildPhase section */
		FB876D051B4232D900299503 /* Resources */ = {
			isa = PBXResourcesBuildPhase;
			buildActionMask = 2147483647;
			files = (
				FB876D161B4232DA00299503 /* Main.storyboard in Resources */,
				FB876D1B1B4232DA00299503 /* LaunchScreen.xib in Resources */,
				FB876D181B4232DA00299503 /* Images.xcassets in Resources */,
			);
			runOnlyForDeploymentPostprocessing = 0;
		};
		FB876D1E1B4232DB00299503 /* Resources */ = {
			isa = PBXResourcesBuildPhase;
			buildActionMask = 2147483647;
			files = (
			);
			runOnlyForDeploymentPostprocessing = 0;
		};
/* End PBXResourcesBuildPhase section */

/* Begin PBXSourcesBuildPhase section */
		FB876D031B4232D900299503 /* Sources */ = {
			isa = PBXSourcesBuildPhase;
			buildActionMask = 2147483647;
			files = (
				FB876D411B42562B00299503 /* MainViewController.m in Sources */,
				FD10BE981B49171D00DC5DBB /* LUKeychainAccess.m in Sources */,
				FB876D131B4232DA00299503 /* ViewController.m in Sources */,
				FB876D101B4232DA00299503 /* AppDelegate.m in Sources */,
				FD10BE991B49171D00DC5DBB /* LUKeychainServices.m in Sources */,
				FB876D0D1B4232DA00299503 /* main.m in Sources */,
			);
			runOnlyForDeploymentPostprocessing = 0;
		};
		FB876D1C1B4232DB00299503 /* Sources */ = {
			isa = PBXSourcesBuildPhase;
			buildActionMask = 2147483647;
			files = (
				FB876D271B4232DB00299503 /* LoginKeychainTests.m in Sources */,
			);
			runOnlyForDeploymentPostprocessing = 0;
		};
/* End PBXSourcesBuildPhase section */

/* Begin PBXTargetDependency section */
		FB876D221B4232DB00299503 /* PBXTargetDependency */ = {
			isa = PBXTargetDependency;
			target = FB876D061B4232D900299503 /* LoginKeychain */;
			targetProxy = FB876D211B4232DB00299503 /* PBXContainerItemProxy */;
		};
/* End PBXTargetDependency section */

/* Begin PBXVariantGroup section */
		FB876D141B4232DA00299503 /* Main.storyboard */ = {
			isa = PBXVariantGroup;
			children = (
				FB876D151B4232DA00299503 /* Base */,
			);
			name = Main.storyboard;
			sourceTree = "<group>";
		};
		FB876D191B4232DA00299503 /* LaunchScreen.xib */ = {
			isa = PBXVariantGroup;
			children = (
				FB876D1A1B4232DA00299503 /* Base */,
			);
			name = LaunchScreen.xib;
			sourceTree = "<group>";
		};
/* End PBXVariantGroup section */

/* Begin XCBuildConfiguration section */
		FB876D281B4232DB00299503 /* Debug */ = {
			isa = XCBuildConfiguration;
			buildSettings = {
				ALWAYS_SEARCH_USER_PATHS = NO;
				CLANG_CXX_LANGUAGE_STANDARD = "gnu++0x";
				CLANG_CXX_LIBRARY = "libc++";
				CLANG_ENABLE_MODULES = YES;
				CLANG_ENABLE_OBJC_ARC = YES;
				CLANG_WARN_BOOL_CONVERSION = YES;
				CLANG_WARN_CONSTANT_CONVERSION = YES;
				CLANG_WARN_DIRECT_OBJC_ISA_USAGE = YES_ERROR;
				CLANG_WARN_EMPTY_BODY = YES;
				CLANG_WARN_ENUM_CONVERSION = YES;
				CLANG_WARN_INT_CONVERSION = YES;
				CLANG_WARN_OBJC_ROOT_CLASS = YES_ERROR;
				CLANG_WARN_UNREACHABLE_CODE = YES;
				CLANG_WARN__DUPLICATE_METHOD_MATCH = YES;
				"CODE_SIGN_IDENTITY[sdk=iphoneos*]" = "iPhone Developer";
				COPY_PHASE_STRIP = NO;
				ENABLE_STRICT_OBJC_MSGSEND = YES;
				ENABLE_TESTABILITY = YES;
				GCC_C_LANGUAGE_STANDARD = gnu99;
				GCC_DYNAMIC_NO_PIC = NO;
				GCC_OPTIMIZATION_LEVEL = 0;
				GCC_PREPROCESSOR_DEFINITIONS = (
					"DEBUG=1",
					"$(inherited)",
				);
				GCC_SYMBOLS_PRIVATE_EXTERN = NO;
				GCC_WARN_64_TO_32_BIT_CONVERSION = YES;
				GCC_WARN_ABOUT_RETURN_TYPE = YES_ERROR;
				GCC_WARN_UNDECLARED_SELECTOR = YES;
				GCC_WARN_UNINITIALIZED_AUTOS = YES_AGGRESSIVE;
				GCC_WARN_UNUSED_FUNCTION = YES;
				GCC_WARN_UNUSED_VARIABLE = YES;
				IPHONEOS_DEPLOYMENT_TARGET = 8.1;
				MTL_ENABLE_DEBUG_INFO = YES;
				ONLY_ACTIVE_ARCH = YES;
				SDKROOT = iphoneos;
				TARGETED_DEVICE_FAMILY = "1,2";
			};
			name = Debug;
		};
		FB876D291B4232DB00299503 /* Release */ = {
			isa = XCBuildConfiguration;
			buildSettings = {
				ALWAYS_SEARCH_USER_PATHS = NO;
				CLANG_CXX_LANGUAGE_STANDARD = "gnu++0x";
				CLANG_CXX_LIBRARY = "libc++";
				CLANG_ENABLE_MODULES = YES;
				CLANG_ENABLE_OBJC_ARC = YES;
				CLANG_WARN_BOOL_CONVERSION = YES;
				CLANG_WARN_CONSTANT_CONVERSION = YES;
				CLANG_WARN_DIRECT_OBJC_ISA_USAGE = YES_ERROR;
				CLANG_WARN_EMPTY_BODY = YES;
				CLANG_WARN_ENUM_CONVERSION = YES;
				CLANG_WARN_INT_CONVERSION = YES;
				CLANG_WARN_OBJC_ROOT_CLASS = YES_ERROR;
				CLANG_WARN_UNREACHABLE_CODE = YES;
				CLANG_WARN__DUPLICATE_METHOD_MATCH = YES;
				"CODE_SIGN_IDENTITY[sdk=iphoneos*]" = "iPhone Developer";
				COPY_PHASE_STRIP = YES;
				ENABLE_NS_ASSERTIONS = NO;
				ENABLE_STRICT_OBJC_MSGSEND = YES;
				GCC_C_LANGUAGE_STANDARD = gnu99;
				GCC_WARN_64_TO_32_BIT_CONVERSION = YES;
				GCC_WARN_ABOUT_RETURN_TYPE = YES_ERROR;
				GCC_WARN_UNDECLARED_SELECTOR = YES;
				GCC_WARN_UNINITIALIZED_AUTOS = YES_AGGRESSIVE;
				GCC_WARN_UNUSED_FUNCTION = YES;
				GCC_WARN_UNUSED_VARIABLE = YES;
				IPHONEOS_DEPLOYMENT_TARGET = 8.1;
				MTL_ENABLE_DEBUG_INFO = NO;
				SDKROOT = iphoneos;
				TARGETED_DEVICE_FAMILY = "1,2";
				VALIDATE_PRODUCT = YES;
			};
			name = Release;
		};
		FB876D2B1B4232DB00299503 /* Debug */ = {
			isa = XCBuildConfiguration;
			buildSettings = {
				ASSETCATALOG_COMPILER_APPICON_NAME = AppIcon;
				CODE_SIGN_IDENTITY = "iPhone Developer";
				INFOPLIST_FILE = LoginKeychain/Info.plist;
				IPHONEOS_DEPLOYMENT_TARGET = 7.0;
				LD_RUNPATH_SEARCH_PATHS = "$(inherited) @executable_path/Frameworks";
				PRODUCT_BUNDLE_IDENTIFIER = "com.ASTK.$(PRODUCT_NAME:rfc1034identifier)";
				PRODUCT_NAME = "$(TARGET_NAME)";
			};
			name = Debug;
		};
		FB876D2C1B4232DB00299503 /* Release */ = {
			isa = XCBuildConfiguration;
			buildSettings = {
				ASSETCATALOG_COMPILER_APPICON_NAME = AppIcon;
				CODE_SIGN_IDENTITY = "iPhone Developer";
				INFOPLIST_FILE = LoginKeychain/Info.plist;
				IPHONEOS_DEPLOYMENT_TARGET = 7.0;
				LD_RUNPATH_SEARCH_PATHS = "$(inherited) @executable_path/Frameworks";
				PRODUCT_BUNDLE_IDENTIFIER = "com.ASTK.$(PRODUCT_NAME:rfc1034identifier)";
				PRODUCT_NAME = "$(TARGET_NAME)";
			};
			name = Release;
		};
		FB876D2E1B4232DB00299503 /* Debug */ = {
			isa = XCBuildConfiguration;
			buildSettings = {
				BUNDLE_LOADER = "$(TEST_HOST)";
				FRAMEWORK_SEARCH_PATHS = (
					"$(SDKROOT)/Developer/Library/Frameworks",
					"$(inherited)",
				);
				GCC_PREPROCESSOR_DEFINITIONS = (
					"DEBUG=1",
					"$(inherited)",
				);
				INFOPLIST_FILE = LoginKeychainTests/Info.plist;
				LD_RUNPATH_SEARCH_PATHS = "$(inherited) @executable_path/Frameworks @loader_path/Frameworks";
				PRODUCT_BUNDLE_IDENTIFIER = "com.ASTK.$(PRODUCT_NAME:rfc1034identifier)";
				PRODUCT_NAME = "$(TARGET_NAME)";
				TEST_HOST = "$(BUILT_PRODUCTS_DIR)/LoginKeychain.app/LoginKeychain";
			};
			name = Debug;
		};
		FB876D2F1B4232DB00299503 /* Release */ = {
			isa = XCBuildConfiguration;
			buildSettings = {
				BUNDLE_LOADER = "$(TEST_HOST)";
				FRAMEWORK_SEARCH_PATHS = (
					"$(SDKROOT)/Developer/Library/Frameworks",
					"$(inherited)",
				);
				INFOPLIST_FILE = LoginKeychainTests/Info.plist;
				LD_RUNPATH_SEARCH_PATHS = "$(inherited) @executable_path/Frameworks @loader_path/Frameworks";
				PRODUCT_BUNDLE_IDENTIFIER = "com.ASTK.$(PRODUCT_NAME:rfc1034identifier)";
				PRODUCT_NAME = "$(TARGET_NAME)";
				TEST_HOST = "$(BUILT_PRODUCTS_DIR)/LoginKeychain.app/LoginKeychain";
			};
			name = Release;
		};
/* End XCBuildConfiguration section */

/* Begin XCConfigurationList section */
		FB876D021B4232D900299503 /* Build configuration list for PBXProject "LoginKeychain" */ = {
			isa = XCConfigurationList;
			buildConfigurations = (
				FB876D281B4232DB00299503 /* Debug */,
				FB876D291B4232DB00299503 /* Release */,
			);
			defaultConfigurationIsVisible = 0;
			defaultConfigurationName = Release;
		};
		FB876D2A1B4232DB00299503 /* Build configuration list for PBXNativeTarget "LoginKeychain" */ = {
			isa = XCConfigurationList;
			buildConfigurations = (
				FB876D2B1B4232DB00299503 /* Debug */,
				FB876D2C1B4232DB00299503 /* Release */,
			);
			defaultConfigurationIsVisible = 0;
			defaultConfigurationName = Release;
		};
		FB876D2D1B4232DB00299503 /* Build configuration list for PBXNativeTarget "LoginKeychainTests" */ = {
			isa = XCConfigurationList;
			buildConfigurations = (
				FB876D2E1B4232DB00299503 /* Debug */,
				FB876D2F1B4232DB00299503 /* Release */,
			);
			defaultConfigurationIsVisible = 0;
			defaultConfigurationName = Release;
		};
/* End XCConfigurationList section */
	};
	rootObject = FB876CFF1B4232D900299503 /* Project object */;
}
